{
    "version": 3,
    "terraform_version": "0.11.3",
    "serial": 8,
    "lineage": "35eaece5-307c-4b82-8681-900cd17fa56c",
    "modules": [
        {
            "path": [
                "root"
            ],
            "outputs": {},
            "resources": {
                "aws_instance.example": {
                    "type": "aws_instance",
                    "depends_on": [],
                    "primary": {
                        "id": "i-0a533f88e2b4a5f3c",
                        "attributes": {
                            "ami": "ami-6e1a0117",
                            "associate_public_ip_address": "true",
                            "availability_zone": "us-west-2b",
                            "disable_api_termination": "false",
                            "ebs_block_device.#": "0",
                            "ebs_optimized": "false",
                            "ephemeral_block_device.#": "0",
                            "iam_instance_profile": "",
                            "id": "i-0a533f88e2b4a5f3c",
                            "instance_state": "running",
                            "instance_type": "t2.micro",
                            "ipv6_addresses.#": "0",
                            "key_name": "",
                            "monitoring": "false",
                            "network_interface.#": "0",
                            "network_interface_id": "eni-214fcb05",
                            "placement_group": "",
                            "primary_network_interface_id": "eni-214fcb05",
                            "private_dns": "ip-172-31-30-94.us-west-2.compute.internal",
                            "private_ip": "172.31.30.94",
                            "public_dns": "ec2-35-167-24-60.us-west-2.compute.amazonaws.com",
                            "public_ip": "35.167.24.60",
                            "root_block_device.#": "1",
                            "root_block_device.0.delete_on_termination": "true",
                            "root_block_device.0.iops": "100",
                            "root_block_device.0.volume_id": "vol-06a853ea96c4d7e47",
                            "root_block_device.0.volume_size": "8",
                            "root_block_device.0.volume_type": "gp2",
                            "security_groups.#": "1",
                            "security_groups.3814588639": "default",
                            "source_dest_check": "true",
                            "subnet_id": "subnet-d3c1a2b6",
                            "tags.%": "0",
                            "tenancy": "default",
                            "volume_tags.%": "0",
                            "vpc_security_group_ids.#": "1",
                            "vpc_security_group_ids.4017530358": "sg-2109e445"
                        },
                        "meta": {
                            "e2bfb730-ecaa-11e6-8f88-34363bc7c4c0": {
                                "create": 600000000000,
                                "delete": 1200000000000,
                                "update": 600000000000
                            },
                            "schema_version": "1"
                        },
                        "tainted": true
                    },
                    "deposed": [],
                    "provider": "provider.aws"
                }
            },
            "depends_on": []
        }
    ]
}
